# -------------------------------------------------------------------------- #
#
# Copyright (C) 2017  Intel Corporation. All rights reserved.
# Your use of Intel Corporation's design tools, logic functions 
# and other software and tools, and its AMPP partner logic 
# functions, and any output files from any of the foregoing 
# (including device programming or simulation files), and any 
# associated documentation or information are expressly subject 
# to the terms and conditions of the Intel Program License 
# Subscription Agreement, the Intel Quartus Prime License Agreement,
# the Intel MegaCore Function License Agreement, or other 
# applicable license agreement, including, without limitation, 
# that your use is for the sole purpose of programming logic 
# devices manufactured by Intel and sold by Intel or its 
# authorized distributors.  Please refer to the applicable 
# agreement for further details.
#
# -------------------------------------------------------------------------- #
#
# Quartus Prime
# Version 17.0.0 Build 595 04/25/2017 SJ Lite Edition
# Date created = 18:08:16  June 26, 2017
#
# -------------------------------------------------------------------------- #
#
# Notes:
#
# 1) The default values for assignments are stored in the file:
#		led_test_assignment_defaults.qdf
#    If this file doesn't exist, see file:
#		assignment_defaults.qdf
#
# 2) Altera recommends that you do not modify this file. This
#    file is updated automatically by the Quartus Prime software
#    and any changes you make may be lost or overwritten.
#
# -------------------------------------------------------------------------- #


set_global_assignment -name FAMILY "Cyclone V"
set_global_assignment -name DEVICE 5CSEBA6U23I7
set_global_assignment -name TOP_LEVEL_ENTITY top
set_global_assignment -name ORIGINAL_QUARTUS_VERSION 17.0.0
set_global_assignment -name PROJECT_CREATION_TIME_DATE "18:08:16  JUNE 26, 2017"
set_global_assignment -name LAST_QUARTUS_VERSION "17.0.0 Standard Edition"
set_global_assignment -name PROJECT_OUTPUT_DIRECTORY output_files
set_global_assignment -name MIN_CORE_JUNCTION_TEMP "-40"
set_global_assignment -name MAX_CORE_JUNCTION_TEMP 100
set_global_assignment -name ERROR_CHECK_FREQUENCY_DIVISOR 256
set_global_assignment -name POWER_PRESET_COOLING_SOLUTION "23 MM HEAT SINK WITH 200 LFPM AIRFLOW"
set_global_assignment -name POWER_BOARD_THERMAL_MODEL "NONE (CONSERVATIVE)"
set_global_assignment -name PARTITION_NETLIST_TYPE SOURCE -section_id Top
set_global_assignment -name PARTITION_FITTER_PRESERVATION_LEVEL PLACEMENT_AND_ROUTING -section_id Top
set_global_assignment -name PARTITION_COLOR 16764057 -section_id Top
set_instance_assignment -name D5_DELAY 2 -to memory_mem_ck -tag __hps_sdram_p0
set_instance_assignment -name D5_DELAY 2 -to memory_mem_ck_n -tag __hps_sdram_p0
set_instance_assignment -name PACKAGE_SKEW_COMPENSATION OFF -to memory_mem_dq[0] -tag __hps_sdram_p0
set_instance_assignment -name PACKAGE_SKEW_COMPENSATION OFF -to memory_mem_dq[1] -tag __hps_sdram_p0
set_instance_assignment -name PACKAGE_SKEW_COMPENSATION OFF -to memory_mem_dq[2] -tag __hps_sdram_p0
set_instance_assignment -name PACKAGE_SKEW_COMPENSATION OFF -to memory_mem_dq[3] -tag __hps_sdram_p0
set_instance_assignment -name PACKAGE_SKEW_COMPENSATION OFF -to memory_mem_dq[4] -tag __hps_sdram_p0
set_instance_assignment -name PACKAGE_SKEW_COMPENSATION OFF -to memory_mem_dq[5] -tag __hps_sdram_p0
set_instance_assignment -name PACKAGE_SKEW_COMPENSATION OFF -to memory_mem_dq[6] -tag __hps_sdram_p0
set_instance_assignment -name PACKAGE_SKEW_COMPENSATION OFF -to memory_mem_dq[7] -tag __hps_sdram_p0
set_instance_assignment -name PACKAGE_SKEW_COMPENSATION OFF -to memory_mem_dq[8] -tag __hps_sdram_p0
set_instance_assignment -name PACKAGE_SKEW_COMPENSATION OFF -to memory_mem_dq[9] -tag __hps_sdram_p0
set_instance_assignment -name PACKAGE_SKEW_COMPENSATION OFF -to memory_mem_dq[10] -tag __hps_sdram_p0
set_instance_assignment -name PACKAGE_SKEW_COMPENSATION OFF -to memory_mem_dq[11] -tag __hps_sdram_p0
set_instance_assignment -name PACKAGE_SKEW_COMPENSATION OFF -to memory_mem_dq[12] -tag __hps_sdram_p0
set_instance_assignment -name PACKAGE_SKEW_COMPENSATION OFF -to memory_mem_dq[13] -tag __hps_sdram_p0
set_instance_assignment -name PACKAGE_SKEW_COMPENSATION OFF -to memory_mem_dq[14] -tag __hps_sdram_p0
set_instance_assignment -name PACKAGE_SKEW_COMPENSATION OFF -to memory_mem_dq[15] -tag __hps_sdram_p0
set_instance_assignment -name PACKAGE_SKEW_COMPENSATION OFF -to memory_mem_dq[16] -tag __hps_sdram_p0
set_instance_assignment -name PACKAGE_SKEW_COMPENSATION OFF -to memory_mem_dq[17] -tag __hps_sdram_p0
set_instance_assignment -name PACKAGE_SKEW_COMPENSATION OFF -to memory_mem_dq[18] -tag __hps_sdram_p0
set_instance_assignment -name PACKAGE_SKEW_COMPENSATION OFF -to memory_mem_dq[19] -tag __hps_sdram_p0
set_instance_assignment -name PACKAGE_SKEW_COMPENSATION OFF -to memory_mem_dq[20] -tag __hps_sdram_p0
set_instance_assignment -name PACKAGE_SKEW_COMPENSATION OFF -to memory_mem_dq[21] -tag __hps_sdram_p0
set_instance_assignment -name PACKAGE_SKEW_COMPENSATION OFF -to memory_mem_dq[22] -tag __hps_sdram_p0
set_instance_assignment -name PACKAGE_SKEW_COMPENSATION OFF -to memory_mem_dq[23] -tag __hps_sdram_p0
set_instance_assignment -name PACKAGE_SKEW_COMPENSATION OFF -to memory_mem_dq[24] -tag __hps_sdram_p0
set_instance_assignment -name PACKAGE_SKEW_COMPENSATION OFF -to memory_mem_dq[25] -tag __hps_sdram_p0
set_instance_assignment -name PACKAGE_SKEW_COMPENSATION OFF -to memory_mem_dq[26] -tag __hps_sdram_p0
set_instance_assignment -name PACKAGE_SKEW_COMPENSATION OFF -to memory_mem_dq[27] -tag __hps_sdram_p0
set_instance_assignment -name PACKAGE_SKEW_COMPENSATION OFF -to memory_mem_dq[28] -tag __hps_sdram_p0
set_instance_assignment -name PACKAGE_SKEW_COMPENSATION OFF -to memory_mem_dq[29] -tag __hps_sdram_p0
set_instance_assignment -name PACKAGE_SKEW_COMPENSATION OFF -to memory_mem_dq[30] -tag __hps_sdram_p0
set_instance_assignment -name PACKAGE_SKEW_COMPENSATION OFF -to memory_mem_dq[31] -tag __hps_sdram_p0
set_instance_assignment -name PACKAGE_SKEW_COMPENSATION OFF -to memory_mem_dm[0] -tag __hps_sdram_p0
set_instance_assignment -name PACKAGE_SKEW_COMPENSATION OFF -to memory_mem_dm[1] -tag __hps_sdram_p0
set_instance_assignment -name PACKAGE_SKEW_COMPENSATION OFF -to memory_mem_dm[2] -tag __hps_sdram_p0
set_instance_assignment -name PACKAGE_SKEW_COMPENSATION OFF -to memory_mem_dm[3] -tag __hps_sdram_p0
set_instance_assignment -name PACKAGE_SKEW_COMPENSATION OFF -to memory_mem_dqs[0] -tag __hps_sdram_p0
set_instance_assignment -name PACKAGE_SKEW_COMPENSATION OFF -to memory_mem_dqs[1] -tag __hps_sdram_p0
set_instance_assignment -name PACKAGE_SKEW_COMPENSATION OFF -to memory_mem_dqs[2] -tag __hps_sdram_p0
set_instance_assignment -name PACKAGE_SKEW_COMPENSATION OFF -to memory_mem_dqs[3] -tag __hps_sdram_p0
set_instance_assignment -name PACKAGE_SKEW_COMPENSATION OFF -to memory_mem_dqs_n[0] -tag __hps_sdram_p0
set_instance_assignment -name PACKAGE_SKEW_COMPENSATION OFF -to memory_mem_dqs_n[1] -tag __hps_sdram_p0
set_instance_assignment -name PACKAGE_SKEW_COMPENSATION OFF -to memory_mem_dqs_n[2] -tag __hps_sdram_p0
set_instance_assignment -name PACKAGE_SKEW_COMPENSATION OFF -to memory_mem_dqs_n[3] -tag __hps_sdram_p0
set_instance_assignment -name PACKAGE_SKEW_COMPENSATION OFF -to memory_mem_a[0] -tag __hps_sdram_p0
set_instance_assignment -name PACKAGE_SKEW_COMPENSATION OFF -to memory_mem_a[10] -tag __hps_sdram_p0
set_instance_assignment -name PACKAGE_SKEW_COMPENSATION OFF -to memory_mem_a[11] -tag __hps_sdram_p0
set_instance_assignment -name PACKAGE_SKEW_COMPENSATION OFF -to memory_mem_a[12] -tag __hps_sdram_p0
set_instance_assignment -name PACKAGE_SKEW_COMPENSATION OFF -to memory_mem_a[13] -tag __hps_sdram_p0
set_instance_assignment -name PACKAGE_SKEW_COMPENSATION OFF -to memory_mem_a[14] -tag __hps_sdram_p0
set_instance_assignment -name PACKAGE_SKEW_COMPENSATION OFF -to memory_mem_a[1] -tag __hps_sdram_p0
set_instance_assignment -name PACKAGE_SKEW_COMPENSATION OFF -to memory_mem_a[2] -tag __hps_sdram_p0
set_instance_assignment -name PACKAGE_SKEW_COMPENSATION OFF -to memory_mem_a[3] -tag __hps_sdram_p0
set_instance_assignment -name PACKAGE_SKEW_COMPENSATION OFF -to memory_mem_a[4] -tag __hps_sdram_p0
set_instance_assignment -name PACKAGE_SKEW_COMPENSATION OFF -to memory_mem_a[5] -tag __hps_sdram_p0
set_instance_assignment -name PACKAGE_SKEW_COMPENSATION OFF -to memory_mem_a[6] -tag __hps_sdram_p0
set_instance_assignment -name PACKAGE_SKEW_COMPENSATION OFF -to memory_mem_a[7] -tag __hps_sdram_p0
set_instance_assignment -name PACKAGE_SKEW_COMPENSATION OFF -to memory_mem_a[8] -tag __hps_sdram_p0
set_instance_assignment -name PACKAGE_SKEW_COMPENSATION OFF -to memory_mem_a[9] -tag __hps_sdram_p0
set_instance_assignment -name PACKAGE_SKEW_COMPENSATION OFF -to memory_mem_ba[0] -tag __hps_sdram_p0
set_instance_assignment -name PACKAGE_SKEW_COMPENSATION OFF -to memory_mem_ba[1] -tag __hps_sdram_p0
set_instance_assignment -name PACKAGE_SKEW_COMPENSATION OFF -to memory_mem_ba[2] -tag __hps_sdram_p0
set_instance_assignment -name PACKAGE_SKEW_COMPENSATION OFF -to memory_mem_cas_n -tag __hps_sdram_p0
set_instance_assignment -name PACKAGE_SKEW_COMPENSATION OFF -to memory_mem_cke -tag __hps_sdram_p0
set_instance_assignment -name PACKAGE_SKEW_COMPENSATION OFF -to memory_mem_cs_n -tag __hps_sdram_p0
set_instance_assignment -name PACKAGE_SKEW_COMPENSATION OFF -to memory_mem_odt -tag __hps_sdram_p0
set_instance_assignment -name PACKAGE_SKEW_COMPENSATION OFF -to memory_mem_ras_n -tag __hps_sdram_p0
set_instance_assignment -name PACKAGE_SKEW_COMPENSATION OFF -to memory_mem_we_n -tag __hps_sdram_p0
set_instance_assignment -name PACKAGE_SKEW_COMPENSATION OFF -to memory_mem_reset_n -tag __hps_sdram_p0
set_instance_assignment -name PACKAGE_SKEW_COMPENSATION OFF -to memory_mem_ck -tag __hps_sdram_p0
set_instance_assignment -name PACKAGE_SKEW_COMPENSATION OFF -to memory_mem_ck_n -tag __hps_sdram_p0
set_instance_assignment -name GLOBAL_SIGNAL OFF -to inst_ledtest|hps_0|hps_io|border|hps_sdram_inst|p0|umemphy|ureset|phy_reset_mem_stable_n -tag __hps_sdram_p0
set_instance_assignment -name GLOBAL_SIGNAL OFF -to inst_ledtest|hps_0|hps_io|border|hps_sdram_inst|p0|umemphy|ureset|phy_reset_n -tag __hps_sdram_p0
set_instance_assignment -name GLOBAL_SIGNAL OFF -to inst_ledtest|hps_0|hps_io|border|hps_sdram_inst|p0|umemphy|uio_pads|dq_ddio[0].read_capture_clk_buffer -tag __hps_sdram_p0
set_instance_assignment -name GLOBAL_SIGNAL OFF -to inst_ledtest|hps_0|hps_io|border|hps_sdram_inst|p0|umemphy|uread_datapath|reset_n_fifo_write_side[0] -tag __hps_sdram_p0
set_instance_assignment -name GLOBAL_SIGNAL OFF -to inst_ledtest|hps_0|hps_io|border|hps_sdram_inst|p0|umemphy|uread_datapath|reset_n_fifo_wraddress[0] -tag __hps_sdram_p0
set_instance_assignment -name GLOBAL_SIGNAL OFF -to inst_ledtest|hps_0|hps_io|border|hps_sdram_inst|p0|umemphy|uio_pads|dq_ddio[1].read_capture_clk_buffer -tag __hps_sdram_p0
set_instance_assignment -name GLOBAL_SIGNAL OFF -to inst_ledtest|hps_0|hps_io|border|hps_sdram_inst|p0|umemphy|uread_datapath|reset_n_fifo_write_side[1] -tag __hps_sdram_p0
set_instance_assignment -name GLOBAL_SIGNAL OFF -to inst_ledtest|hps_0|hps_io|border|hps_sdram_inst|p0|umemphy|uread_datapath|reset_n_fifo_wraddress[1] -tag __hps_sdram_p0
set_instance_assignment -name GLOBAL_SIGNAL OFF -to inst_ledtest|hps_0|hps_io|border|hps_sdram_inst|p0|umemphy|uio_pads|dq_ddio[2].read_capture_clk_buffer -tag __hps_sdram_p0
set_instance_assignment -name GLOBAL_SIGNAL OFF -to inst_ledtest|hps_0|hps_io|border|hps_sdram_inst|p0|umemphy|uread_datapath|reset_n_fifo_write_side[2] -tag __hps_sdram_p0
set_instance_assignment -name GLOBAL_SIGNAL OFF -to inst_ledtest|hps_0|hps_io|border|hps_sdram_inst|p0|umemphy|uread_datapath|reset_n_fifo_wraddress[2] -tag __hps_sdram_p0
set_instance_assignment -name GLOBAL_SIGNAL OFF -to inst_ledtest|hps_0|hps_io|border|hps_sdram_inst|p0|umemphy|uio_pads|dq_ddio[3].read_capture_clk_buffer -tag __hps_sdram_p0
set_instance_assignment -name GLOBAL_SIGNAL OFF -to inst_ledtest|hps_0|hps_io|border|hps_sdram_inst|p0|umemphy|uread_datapath|reset_n_fifo_write_side[3] -tag __hps_sdram_p0
set_instance_assignment -name GLOBAL_SIGNAL OFF -to inst_ledtest|hps_0|hps_io|border|hps_sdram_inst|p0|umemphy|uread_datapath|reset_n_fifo_wraddress[3] -tag __hps_sdram_p0
set_instance_assignment -name ENABLE_BENEFICIAL_SKEW_OPTIMIZATION_FOR_NON_GLOBAL_CLOCKS ON -to inst_ledtest|hps_0|hps_io|border|hps_sdram_inst -tag __hps_sdram_p0
set_instance_assignment -name PLL_COMPENSATION_MODE DIRECT -to inst_ledtest|hps_0|hps_io|border|hps_sdram_inst|pll0|fbout -tag __hps_sdram_p0
set_global_assignment -name USE_DLL_FREQUENCY_FOR_DQS_DELAY_CHAIN ON
set_global_assignment -name UNIPHY_SEQUENCER_DQS_CONFIG_ENABLE ON
set_global_assignment -name OPTIMIZE_MULTI_CORNER_TIMING ON
set_global_assignment -name ECO_REGENERATE_REPORT ON
set_global_assignment -name TIMEQUEST_MULTICORNER_ANALYSIS ON
set_global_assignment -name NUM_PARALLEL_PROCESSORS 1
set_instance_assignment -name IO_STANDARD "SSTL-15 CLASS I" -to memory_oct_rzqin -tag __hps_sdram_p0
set_instance_assignment -name IO_STANDARD "SSTL-15 CLASS I" -to memory_mem_dq[0] -tag __hps_sdram_p0
set_instance_assignment -name INPUT_TERMINATION "PARALLEL 50 OHM WITH CALIBRATION" -to memory_mem_dq[0] -tag __hps_sdram_p0
set_instance_assignment -name OUTPUT_TERMINATION "SERIES 50 OHM WITH CALIBRATION" -to memory_mem_dq[0] -tag __hps_sdram_p0
set_instance_assignment -name IO_STANDARD "SSTL-15 CLASS I" -to memory_mem_dq[1] -tag __hps_sdram_p0
set_instance_assignment -name INPUT_TERMINATION "PARALLEL 50 OHM WITH CALIBRATION" -to memory_mem_dq[1] -tag __hps_sdram_p0
set_instance_assignment -name OUTPUT_TERMINATION "SERIES 50 OHM WITH CALIBRATION" -to memory_mem_dq[1] -tag __hps_sdram_p0
set_instance_assignment -name IO_STANDARD "SSTL-15 CLASS I" -to memory_mem_dq[2] -tag __hps_sdram_p0
set_instance_assignment -name INPUT_TERMINATION "PARALLEL 50 OHM WITH CALIBRATION" -to memory_mem_dq[2] -tag __hps_sdram_p0
set_instance_assignment -name OUTPUT_TERMINATION "SERIES 50 OHM WITH CALIBRATION" -to memory_mem_dq[2] -tag __hps_sdram_p0
set_instance_assignment -name IO_STANDARD "SSTL-15 CLASS I" -to memory_mem_dq[3] -tag __hps_sdram_p0
set_instance_assignment -name INPUT_TERMINATION "PARALLEL 50 OHM WITH CALIBRATION" -to memory_mem_dq[3] -tag __hps_sdram_p0
set_instance_assignment -name OUTPUT_TERMINATION "SERIES 50 OHM WITH CALIBRATION" -to memory_mem_dq[3] -tag __hps_sdram_p0
set_instance_assignment -name IO_STANDARD "SSTL-15 CLASS I" -to memory_mem_dq[4] -tag __hps_sdram_p0
set_instance_assignment -name INPUT_TERMINATION "PARALLEL 50 OHM WITH CALIBRATION" -to memory_mem_dq[4] -tag __hps_sdram_p0
set_instance_assignment -name OUTPUT_TERMINATION "SERIES 50 OHM WITH CALIBRATION" -to memory_mem_dq[4] -tag __hps_sdram_p0
set_instance_assignment -name IO_STANDARD "SSTL-15 CLASS I" -to memory_mem_dq[5] -tag __hps_sdram_p0
set_instance_assignment -name INPUT_TERMINATION "PARALLEL 50 OHM WITH CALIBRATION" -to memory_mem_dq[5] -tag __hps_sdram_p0
set_instance_assignment -name OUTPUT_TERMINATION "SERIES 50 OHM WITH CALIBRATION" -to memory_mem_dq[5] -tag __hps_sdram_p0
set_instance_assignment -name IO_STANDARD "SSTL-15 CLASS I" -to memory_mem_dq[6] -tag __hps_sdram_p0
set_instance_assignment -name INPUT_TERMINATION "PARALLEL 50 OHM WITH CALIBRATION" -to memory_mem_dq[6] -tag __hps_sdram_p0
set_instance_assignment -name OUTPUT_TERMINATION "SERIES 50 OHM WITH CALIBRATION" -to memory_mem_dq[6] -tag __hps_sdram_p0
set_instance_assignment -name IO_STANDARD "SSTL-15 CLASS I" -to memory_mem_dq[7] -tag __hps_sdram_p0
set_instance_assignment -name INPUT_TERMINATION "PARALLEL 50 OHM WITH CALIBRATION" -to memory_mem_dq[7] -tag __hps_sdram_p0
set_instance_assignment -name OUTPUT_TERMINATION "SERIES 50 OHM WITH CALIBRATION" -to memory_mem_dq[7] -tag __hps_sdram_p0
set_instance_assignment -name IO_STANDARD "SSTL-15 CLASS I" -to memory_mem_dq[8] -tag __hps_sdram_p0
set_instance_assignment -name INPUT_TERMINATION "PARALLEL 50 OHM WITH CALIBRATION" -to memory_mem_dq[8] -tag __hps_sdram_p0
set_instance_assignment -name OUTPUT_TERMINATION "SERIES 50 OHM WITH CALIBRATION" -to memory_mem_dq[8] -tag __hps_sdram_p0
set_instance_assignment -name IO_STANDARD "SSTL-15 CLASS I" -to memory_mem_dq[9] -tag __hps_sdram_p0
set_instance_assignment -name INPUT_TERMINATION "PARALLEL 50 OHM WITH CALIBRATION" -to memory_mem_dq[9] -tag __hps_sdram_p0
set_instance_assignment -name OUTPUT_TERMINATION "SERIES 50 OHM WITH CALIBRATION" -to memory_mem_dq[9] -tag __hps_sdram_p0
set_instance_assignment -name IO_STANDARD "SSTL-15 CLASS I" -to memory_mem_dq[10] -tag __hps_sdram_p0
set_instance_assignment -name INPUT_TERMINATION "PARALLEL 50 OHM WITH CALIBRATION" -to memory_mem_dq[10] -tag __hps_sdram_p0
set_instance_assignment -name OUTPUT_TERMINATION "SERIES 50 OHM WITH CALIBRATION" -to memory_mem_dq[10] -tag __hps_sdram_p0
set_instance_assignment -name IO_STANDARD "SSTL-15 CLASS I" -to memory_mem_dq[11] -tag __hps_sdram_p0
set_instance_assignment -name INPUT_TERMINATION "PARALLEL 50 OHM WITH CALIBRATION" -to memory_mem_dq[11] -tag __hps_sdram_p0
set_instance_assignment -name OUTPUT_TERMINATION "SERIES 50 OHM WITH CALIBRATION" -to memory_mem_dq[11] -tag __hps_sdram_p0
set_instance_assignment -name IO_STANDARD "SSTL-15 CLASS I" -to memory_mem_dq[12] -tag __hps_sdram_p0
set_instance_assignment -name INPUT_TERMINATION "PARALLEL 50 OHM WITH CALIBRATION" -to memory_mem_dq[12] -tag __hps_sdram_p0
set_instance_assignment -name OUTPUT_TERMINATION "SERIES 50 OHM WITH CALIBRATION" -to memory_mem_dq[12] -tag __hps_sdram_p0
set_instance_assignment -name IO_STANDARD "SSTL-15 CLASS I" -to memory_mem_dq[13] -tag __hps_sdram_p0
set_instance_assignment -name INPUT_TERMINATION "PARALLEL 50 OHM WITH CALIBRATION" -to memory_mem_dq[13] -tag __hps_sdram_p0
set_instance_assignment -name OUTPUT_TERMINATION "SERIES 50 OHM WITH CALIBRATION" -to memory_mem_dq[13] -tag __hps_sdram_p0
set_instance_assignment -name IO_STANDARD "SSTL-15 CLASS I" -to memory_mem_dq[14] -tag __hps_sdram_p0
set_instance_assignment -name INPUT_TERMINATION "PARALLEL 50 OHM WITH CALIBRATION" -to memory_mem_dq[14] -tag __hps_sdram_p0
set_instance_assignment -name OUTPUT_TERMINATION "SERIES 50 OHM WITH CALIBRATION" -to memory_mem_dq[14] -tag __hps_sdram_p0
set_instance_assignment -name IO_STANDARD "SSTL-15 CLASS I" -to memory_mem_dq[15] -tag __hps_sdram_p0
set_instance_assignment -name INPUT_TERMINATION "PARALLEL 50 OHM WITH CALIBRATION" -to memory_mem_dq[15] -tag __hps_sdram_p0
set_instance_assignment -name OUTPUT_TERMINATION "SERIES 50 OHM WITH CALIBRATION" -to memory_mem_dq[15] -tag __hps_sdram_p0
set_instance_assignment -name IO_STANDARD "SSTL-15 CLASS I" -to memory_mem_dq[16] -tag __hps_sdram_p0
set_instance_assignment -name INPUT_TERMINATION "PARALLEL 50 OHM WITH CALIBRATION" -to memory_mem_dq[16] -tag __hps_sdram_p0
set_instance_assignment -name OUTPUT_TERMINATION "SERIES 50 OHM WITH CALIBRATION" -to memory_mem_dq[16] -tag __hps_sdram_p0
set_instance_assignment -name IO_STANDARD "SSTL-15 CLASS I" -to memory_mem_dq[17] -tag __hps_sdram_p0
set_instance_assignment -name INPUT_TERMINATION "PARALLEL 50 OHM WITH CALIBRATION" -to memory_mem_dq[17] -tag __hps_sdram_p0
set_instance_assignment -name OUTPUT_TERMINATION "SERIES 50 OHM WITH CALIBRATION" -to memory_mem_dq[17] -tag __hps_sdram_p0
set_instance_assignment -name IO_STANDARD "SSTL-15 CLASS I" -to memory_mem_dq[18] -tag __hps_sdram_p0
set_instance_assignment -name INPUT_TERMINATION "PARALLEL 50 OHM WITH CALIBRATION" -to memory_mem_dq[18] -tag __hps_sdram_p0
set_instance_assignment -name OUTPUT_TERMINATION "SERIES 50 OHM WITH CALIBRATION" -to memory_mem_dq[18] -tag __hps_sdram_p0
set_instance_assignment -name IO_STANDARD "SSTL-15 CLASS I" -to memory_mem_dq[19] -tag __hps_sdram_p0
set_instance_assignment -name INPUT_TERMINATION "PARALLEL 50 OHM WITH CALIBRATION" -to memory_mem_dq[19] -tag __hps_sdram_p0
set_instance_assignment -name OUTPUT_TERMINATION "SERIES 50 OHM WITH CALIBRATION" -to memory_mem_dq[19] -tag __hps_sdram_p0
set_instance_assignment -name IO_STANDARD "SSTL-15 CLASS I" -to memory_mem_dq[20] -tag __hps_sdram_p0
set_instance_assignment -name INPUT_TERMINATION "PARALLEL 50 OHM WITH CALIBRATION" -to memory_mem_dq[20] -tag __hps_sdram_p0
set_instance_assignment -name OUTPUT_TERMINATION "SERIES 50 OHM WITH CALIBRATION" -to memory_mem_dq[20] -tag __hps_sdram_p0
set_instance_assignment -name IO_STANDARD "SSTL-15 CLASS I" -to memory_mem_dq[21] -tag __hps_sdram_p0
set_instance_assignment -name INPUT_TERMINATION "PARALLEL 50 OHM WITH CALIBRATION" -to memory_mem_dq[21] -tag __hps_sdram_p0
set_instance_assignment -name OUTPUT_TERMINATION "SERIES 50 OHM WITH CALIBRATION" -to memory_mem_dq[21] -tag __hps_sdram_p0
set_instance_assignment -name IO_STANDARD "SSTL-15 CLASS I" -to memory_mem_dq[22] -tag __hps_sdram_p0
set_instance_assignment -name INPUT_TERMINATION "PARALLEL 50 OHM WITH CALIBRATION" -to memory_mem_dq[22] -tag __hps_sdram_p0
set_instance_assignment -name OUTPUT_TERMINATION "SERIES 50 OHM WITH CALIBRATION" -to memory_mem_dq[22] -tag __hps_sdram_p0
set_instance_assignment -name IO_STANDARD "SSTL-15 CLASS I" -to memory_mem_dq[23] -tag __hps_sdram_p0
set_instance_assignment -name INPUT_TERMINATION "PARALLEL 50 OHM WITH CALIBRATION" -to memory_mem_dq[23] -tag __hps_sdram_p0
set_instance_assignment -name OUTPUT_TERMINATION "SERIES 50 OHM WITH CALIBRATION" -to memory_mem_dq[23] -tag __hps_sdram_p0
set_instance_assignment -name IO_STANDARD "SSTL-15 CLASS I" -to memory_mem_dq[24] -tag __hps_sdram_p0
set_instance_assignment -name INPUT_TERMINATION "PARALLEL 50 OHM WITH CALIBRATION" -to memory_mem_dq[24] -tag __hps_sdram_p0
set_instance_assignment -name OUTPUT_TERMINATION "SERIES 50 OHM WITH CALIBRATION" -to memory_mem_dq[24] -tag __hps_sdram_p0
set_instance_assignment -name IO_STANDARD "SSTL-15 CLASS I" -to memory_mem_dq[25] -tag __hps_sdram_p0
set_instance_assignment -name INPUT_TERMINATION "PARALLEL 50 OHM WITH CALIBRATION" -to memory_mem_dq[25] -tag __hps_sdram_p0
set_instance_assignment -name OUTPUT_TERMINATION "SERIES 50 OHM WITH CALIBRATION" -to memory_mem_dq[25] -tag __hps_sdram_p0
set_instance_assignment -name IO_STANDARD "SSTL-15 CLASS I" -to memory_mem_dq[26] -tag __hps_sdram_p0
set_instance_assignment -name INPUT_TERMINATION "PARALLEL 50 OHM WITH CALIBRATION" -to memory_mem_dq[26] -tag __hps_sdram_p0
set_instance_assignment -name OUTPUT_TERMINATION "SERIES 50 OHM WITH CALIBRATION" -to memory_mem_dq[26] -tag __hps_sdram_p0
set_instance_assignment -name IO_STANDARD "SSTL-15 CLASS I" -to memory_mem_dq[27] -tag __hps_sdram_p0
set_instance_assignment -name INPUT_TERMINATION "PARALLEL 50 OHM WITH CALIBRATION" -to memory_mem_dq[27] -tag __hps_sdram_p0
set_instance_assignment -name OUTPUT_TERMINATION "SERIES 50 OHM WITH CALIBRATION" -to memory_mem_dq[27] -tag __hps_sdram_p0
set_instance_assignment -name IO_STANDARD "SSTL-15 CLASS I" -to memory_mem_dq[28] -tag __hps_sdram_p0
set_instance_assignment -name INPUT_TERMINATION "PARALLEL 50 OHM WITH CALIBRATION" -to memory_mem_dq[28] -tag __hps_sdram_p0
set_instance_assignment -name OUTPUT_TERMINATION "SERIES 50 OHM WITH CALIBRATION" -to memory_mem_dq[28] -tag __hps_sdram_p0
set_instance_assignment -name IO_STANDARD "SSTL-15 CLASS I" -to memory_mem_dq[29] -tag __hps_sdram_p0
set_instance_assignment -name INPUT_TERMINATION "PARALLEL 50 OHM WITH CALIBRATION" -to memory_mem_dq[29] -tag __hps_sdram_p0
set_instance_assignment -name OUTPUT_TERMINATION "SERIES 50 OHM WITH CALIBRATION" -to memory_mem_dq[29] -tag __hps_sdram_p0
set_instance_assignment -name IO_STANDARD "SSTL-15 CLASS I" -to memory_mem_dq[30] -tag __hps_sdram_p0
set_instance_assignment -name INPUT_TERMINATION "PARALLEL 50 OHM WITH CALIBRATION" -to memory_mem_dq[30] -tag __hps_sdram_p0
set_instance_assignment -name OUTPUT_TERMINATION "SERIES 50 OHM WITH CALIBRATION" -to memory_mem_dq[30] -tag __hps_sdram_p0
set_instance_assignment -name IO_STANDARD "SSTL-15 CLASS I" -to memory_mem_dq[31] -tag __hps_sdram_p0
set_instance_assignment -name INPUT_TERMINATION "PARALLEL 50 OHM WITH CALIBRATION" -to memory_mem_dq[31] -tag __hps_sdram_p0
set_instance_assignment -name OUTPUT_TERMINATION "SERIES 50 OHM WITH CALIBRATION" -to memory_mem_dq[31] -tag __hps_sdram_p0
set_instance_assignment -name IO_STANDARD "DIFFERENTIAL 1.5-V SSTL CLASS I" -to memory_mem_dqs[0] -tag __hps_sdram_p0
set_instance_assignment -name INPUT_TERMINATION "PARALLEL 50 OHM WITH CALIBRATION" -to memory_mem_dqs[0] -tag __hps_sdram_p0
set_instance_assignment -name OUTPUT_TERMINATION "SERIES 50 OHM WITH CALIBRATION" -to memory_mem_dqs[0] -tag __hps_sdram_p0
set_instance_assignment -name IO_STANDARD "DIFFERENTIAL 1.5-V SSTL CLASS I" -to memory_mem_dqs[1] -tag __hps_sdram_p0
set_instance_assignment -name INPUT_TERMINATION "PARALLEL 50 OHM WITH CALIBRATION" -to memory_mem_dqs[1] -tag __hps_sdram_p0
set_instance_assignment -name OUTPUT_TERMINATION "SERIES 50 OHM WITH CALIBRATION" -to memory_mem_dqs[1] -tag __hps_sdram_p0
set_instance_assignment -name IO_STANDARD "DIFFERENTIAL 1.5-V SSTL CLASS I" -to memory_mem_dqs[2] -tag __hps_sdram_p0
set_instance_assignment -name INPUT_TERMINATION "PARALLEL 50 OHM WITH CALIBRATION" -to memory_mem_dqs[2] -tag __hps_sdram_p0
set_instance_assignment -name OUTPUT_TERMINATION "SERIES 50 OHM WITH CALIBRATION" -to memory_mem_dqs[2] -tag __hps_sdram_p0
set_instance_assignment -name IO_STANDARD "DIFFERENTIAL 1.5-V SSTL CLASS I" -to memory_mem_dqs[3] -tag __hps_sdram_p0
set_instance_assignment -name INPUT_TERMINATION "PARALLEL 50 OHM WITH CALIBRATION" -to memory_mem_dqs[3] -tag __hps_sdram_p0
set_instance_assignment -name OUTPUT_TERMINATION "SERIES 50 OHM WITH CALIBRATION" -to memory_mem_dqs[3] -tag __hps_sdram_p0
set_instance_assignment -name IO_STANDARD "DIFFERENTIAL 1.5-V SSTL CLASS I" -to memory_mem_dqs_n[0] -tag __hps_sdram_p0
set_instance_assignment -name INPUT_TERMINATION "PARALLEL 50 OHM WITH CALIBRATION" -to memory_mem_dqs_n[0] -tag __hps_sdram_p0
set_instance_assignment -name OUTPUT_TERMINATION "SERIES 50 OHM WITH CALIBRATION" -to memory_mem_dqs_n[0] -tag __hps_sdram_p0
set_instance_assignment -name IO_STANDARD "DIFFERENTIAL 1.5-V SSTL CLASS I" -to memory_mem_dqs_n[1] -tag __hps_sdram_p0
set_instance_assignment -name INPUT_TERMINATION "PARALLEL 50 OHM WITH CALIBRATION" -to memory_mem_dqs_n[1] -tag __hps_sdram_p0
set_instance_assignment -name OUTPUT_TERMINATION "SERIES 50 OHM WITH CALIBRATION" -to memory_mem_dqs_n[1] -tag __hps_sdram_p0
set_instance_assignment -name IO_STANDARD "DIFFERENTIAL 1.5-V SSTL CLASS I" -to memory_mem_dqs_n[2] -tag __hps_sdram_p0
set_instance_assignment -name INPUT_TERMINATION "PARALLEL 50 OHM WITH CALIBRATION" -to memory_mem_dqs_n[2] -tag __hps_sdram_p0
set_instance_assignment -name OUTPUT_TERMINATION "SERIES 50 OHM WITH CALIBRATION" -to memory_mem_dqs_n[2] -tag __hps_sdram_p0
set_instance_assignment -name IO_STANDARD "DIFFERENTIAL 1.5-V SSTL CLASS I" -to memory_mem_dqs_n[3] -tag __hps_sdram_p0
set_instance_assignment -name INPUT_TERMINATION "PARALLEL 50 OHM WITH CALIBRATION" -to memory_mem_dqs_n[3] -tag __hps_sdram_p0
set_instance_assignment -name OUTPUT_TERMINATION "SERIES 50 OHM WITH CALIBRATION" -to memory_mem_dqs_n[3] -tag __hps_sdram_p0
set_instance_assignment -name IO_STANDARD "DIFFERENTIAL 1.5-V SSTL CLASS I" -to memory_mem_ck -tag __hps_sdram_p0
set_instance_assignment -name OUTPUT_TERMINATION "SERIES 50 OHM WITHOUT CALIBRATION" -to memory_mem_ck -tag __hps_sdram_p0
set_instance_assignment -name IO_STANDARD "DIFFERENTIAL 1.5-V SSTL CLASS I" -to memory_mem_ck_n -tag __hps_sdram_p0
set_instance_assignment -name OUTPUT_TERMINATION "SERIES 50 OHM WITHOUT CALIBRATION" -to memory_mem_ck_n -tag __hps_sdram_p0
set_instance_assignment -name IO_STANDARD "SSTL-15 CLASS I" -to memory_mem_a[0] -tag __hps_sdram_p0
set_instance_assignment -name CURRENT_STRENGTH_NEW "MAXIMUM CURRENT" -to memory_mem_a[0] -tag __hps_sdram_p0
set_instance_assignment -name IO_STANDARD "SSTL-15 CLASS I" -to memory_mem_a[10] -tag __hps_sdram_p0
set_instance_assignment -name CURRENT_STRENGTH_NEW "MAXIMUM CURRENT" -to memory_mem_a[10] -tag __hps_sdram_p0
set_instance_assignment -name IO_STANDARD "SSTL-15 CLASS I" -to memory_mem_a[11] -tag __hps_sdram_p0
set_instance_assignment -name CURRENT_STRENGTH_NEW "MAXIMUM CURRENT" -to memory_mem_a[11] -tag __hps_sdram_p0
set_instance_assignment -name IO_STANDARD "SSTL-15 CLASS I" -to memory_mem_a[12] -tag __hps_sdram_p0
set_instance_assignment -name CURRENT_STRENGTH_NEW "MAXIMUM CURRENT" -to memory_mem_a[12] -tag __hps_sdram_p0
set_instance_assignment -name IO_STANDARD "SSTL-15 CLASS I" -to memory_mem_a[13] -tag __hps_sdram_p0
set_instance_assignment -name CURRENT_STRENGTH_NEW "MAXIMUM CURRENT" -to memory_mem_a[13] -tag __hps_sdram_p0
set_instance_assignment -name IO_STANDARD "SSTL-15 CLASS I" -to memory_mem_a[14] -tag __hps_sdram_p0
set_instance_assignment -name CURRENT_STRENGTH_NEW "MAXIMUM CURRENT" -to memory_mem_a[14] -tag __hps_sdram_p0
set_instance_assignment -name IO_STANDARD "SSTL-15 CLASS I" -to memory_mem_a[1] -tag __hps_sdram_p0
set_instance_assignment -name CURRENT_STRENGTH_NEW "MAXIMUM CURRENT" -to memory_mem_a[1] -tag __hps_sdram_p0
set_instance_assignment -name IO_STANDARD "SSTL-15 CLASS I" -to memory_mem_a[2] -tag __hps_sdram_p0
set_instance_assignment -name CURRENT_STRENGTH_NEW "MAXIMUM CURRENT" -to memory_mem_a[2] -tag __hps_sdram_p0
set_instance_assignment -name IO_STANDARD "SSTL-15 CLASS I" -to memory_mem_a[3] -tag __hps_sdram_p0
set_instance_assignment -name CURRENT_STRENGTH_NEW "MAXIMUM CURRENT" -to memory_mem_a[3] -tag __hps_sdram_p0
set_instance_assignment -name IO_STANDARD "SSTL-15 CLASS I" -to memory_mem_a[4] -tag __hps_sdram_p0
set_instance_assignment -name CURRENT_STRENGTH_NEW "MAXIMUM CURRENT" -to memory_mem_a[4] -tag __hps_sdram_p0
set_instance_assignment -name IO_STANDARD "SSTL-15 CLASS I" -to memory_mem_a[5] -tag __hps_sdram_p0
set_instance_assignment -name CURRENT_STRENGTH_NEW "MAXIMUM CURRENT" -to memory_mem_a[5] -tag __hps_sdram_p0
set_instance_assignment -name IO_STANDARD "SSTL-15 CLASS I" -to memory_mem_a[6] -tag __hps_sdram_p0
set_instance_assignment -name CURRENT_STRENGTH_NEW "MAXIMUM CURRENT" -to memory_mem_a[6] -tag __hps_sdram_p0
set_instance_assignment -name IO_STANDARD "SSTL-15 CLASS I" -to memory_mem_a[7] -tag __hps_sdram_p0
set_instance_assignment -name CURRENT_STRENGTH_NEW "MAXIMUM CURRENT" -to memory_mem_a[7] -tag __hps_sdram_p0
set_instance_assignment -name IO_STANDARD "SSTL-15 CLASS I" -to memory_mem_a[8] -tag __hps_sdram_p0
set_instance_assignment -name CURRENT_STRENGTH_NEW "MAXIMUM CURRENT" -to memory_mem_a[8] -tag __hps_sdram_p0
set_instance_assignment -name IO_STANDARD "SSTL-15 CLASS I" -to memory_mem_a[9] -tag __hps_sdram_p0
set_instance_assignment -name CURRENT_STRENGTH_NEW "MAXIMUM CURRENT" -to memory_mem_a[9] -tag __hps_sdram_p0
set_instance_assignment -name IO_STANDARD "SSTL-15 CLASS I" -to memory_mem_ba[0] -tag __hps_sdram_p0
set_instance_assignment -name CURRENT_STRENGTH_NEW "MAXIMUM CURRENT" -to memory_mem_ba[0] -tag __hps_sdram_p0
set_instance_assignment -name IO_STANDARD "SSTL-15 CLASS I" -to memory_mem_ba[1] -tag __hps_sdram_p0
set_instance_assignment -name CURRENT_STRENGTH_NEW "MAXIMUM CURRENT" -to memory_mem_ba[1] -tag __hps_sdram_p0
set_instance_assignment -name IO_STANDARD "SSTL-15 CLASS I" -to memory_mem_ba[2] -tag __hps_sdram_p0
set_instance_assignment -name CURRENT_STRENGTH_NEW "MAXIMUM CURRENT" -to memory_mem_ba[2] -tag __hps_sdram_p0
set_instance_assignment -name IO_STANDARD "SSTL-15 CLASS I" -to memory_mem_cas_n -tag __hps_sdram_p0
set_instance_assignment -name CURRENT_STRENGTH_NEW "MAXIMUM CURRENT" -to memory_mem_cas_n -tag __hps_sdram_p0
set_instance_assignment -name IO_STANDARD "SSTL-15 CLASS I" -to memory_mem_cke -tag __hps_sdram_p0
set_instance_assignment -name CURRENT_STRENGTH_NEW "MAXIMUM CURRENT" -to memory_mem_cke -tag __hps_sdram_p0
set_instance_assignment -name IO_STANDARD "SSTL-15 CLASS I" -to memory_mem_cs_n -tag __hps_sdram_p0
set_instance_assignment -name CURRENT_STRENGTH_NEW "MAXIMUM CURRENT" -to memory_mem_cs_n -tag __hps_sdram_p0
set_instance_assignment -name IO_STANDARD "SSTL-15 CLASS I" -to memory_mem_odt -tag __hps_sdram_p0
set_instance_assignment -name CURRENT_STRENGTH_NEW "MAXIMUM CURRENT" -to memory_mem_odt -tag __hps_sdram_p0
set_instance_assignment -name IO_STANDARD "SSTL-15 CLASS I" -to memory_mem_ras_n -tag __hps_sdram_p0
set_instance_assignment -name CURRENT_STRENGTH_NEW "MAXIMUM CURRENT" -to memory_mem_ras_n -tag __hps_sdram_p0
set_instance_assignment -name IO_STANDARD "SSTL-15 CLASS I" -to memory_mem_we_n -tag __hps_sdram_p0
set_instance_assignment -name CURRENT_STRENGTH_NEW "MAXIMUM CURRENT" -to memory_mem_we_n -tag __hps_sdram_p0
set_instance_assignment -name IO_STANDARD "SSTL-15 CLASS I" -to memory_mem_reset_n -tag __hps_sdram_p0
set_instance_assignment -name CURRENT_STRENGTH_NEW "MAXIMUM CURRENT" -to memory_mem_reset_n -tag __hps_sdram_p0
set_instance_assignment -name IO_STANDARD "SSTL-15 CLASS I" -to memory_mem_dm[0] -tag __hps_sdram_p0
set_instance_assignment -name OUTPUT_TERMINATION "SERIES 50 OHM WITH CALIBRATION" -to memory_mem_dm[0] -tag __hps_sdram_p0
set_instance_assignment -name IO_STANDARD "SSTL-15 CLASS I" -to memory_mem_dm[1] -tag __hps_sdram_p0
set_instance_assignment -name OUTPUT_TERMINATION "SERIES 50 OHM WITH CALIBRATION" -to memory_mem_dm[1] -tag __hps_sdram_p0
set_instance_assignment -name IO_STANDARD "SSTL-15 CLASS I" -to memory_mem_dm[2] -tag __hps_sdram_p0
set_instance_assignment -name OUTPUT_TERMINATION "SERIES 50 OHM WITH CALIBRATION" -to memory_mem_dm[2] -tag __hps_sdram_p0
set_instance_assignment -name IO_STANDARD "SSTL-15 CLASS I" -to memory_mem_dm[3] -tag __hps_sdram_p0
set_instance_assignment -name OUTPUT_TERMINATION "SERIES 50 OHM WITH CALIBRATION" -to memory_mem_dm[3] -tag __hps_sdram_p0
set_location_assignment PIN_V11 -to CLOCK50
set_location_assignment PIN_W15 -to LED_ARRAY_IO[0]
set_location_assignment PIN_AA24 -to LED_ARRAY_IO[1]
set_location_assignment PIN_V16 -to LED_ARRAY_IO[2]
set_location_assignment PIN_V15 -to LED_ARRAY_IO[3]
set_location_assignment PIN_AF26 -to LED_ARRAY_IO[4]
set_location_assignment PIN_AE26 -to LED_ARRAY_IO[5]
set_location_assignment PIN_Y16 -to LED_ARRAY_IO[6]
set_location_assignment PIN_AA23 -to LED_ARRAY_IO[7]
set_instance_assignment -name IO_STANDARD "3.3-V LVTTL" -to CLOCK50
set_instance_assignment -name IO_STANDARD "3.3-V LVTTL" -to LED_ARRAY_IO[7]
set_instance_assignment -name IO_STANDARD "3.3-V LVTTL" -to LED_ARRAY_IO[6]
set_instance_assignment -name IO_STANDARD "3.3-V LVTTL" -to LED_ARRAY_IO[5]
set_instance_assignment -name IO_STANDARD "3.3-V LVTTL" -to LED_ARRAY_IO[4]
set_instance_assignment -name IO_STANDARD "3.3-V LVTTL" -to LED_ARRAY_IO[3]
set_instance_assignment -name IO_STANDARD "3.3-V LVTTL" -to LED_ARRAY_IO[2]
set_instance_assignment -name IO_STANDARD "3.3-V LVTTL" -to LED_ARRAY_IO[1]
set_instance_assignment -name IO_STANDARD "3.3-V LVTTL" -to LED_ARRAY_IO[0]
set_location_assignment PIN_Y24 -to SWITCH_ARRAY_IO[0]
set_location_assignment PIN_W24 -to SWITCH_ARRAY_IO[1]
set_location_assignment PIN_W21 -to SWITCH_ARRAY_IO[2]
set_location_assignment PIN_W20 -to SWITCH_ARRAY_IO[3]
set_instance_assignment -name IO_STANDARD "3.3-V LVTTL" -to SWITCH_ARRAY_IO[3]
set_instance_assignment -name IO_STANDARD "3.3-V LVTTL" -to SWITCH_ARRAY_IO[2]
set_instance_assignment -name IO_STANDARD "3.3-V LVTTL" -to SWITCH_ARRAY_IO[1]
set_instance_assignment -name IO_STANDARD "3.3-V LVTTL" -to SWITCH_ARRAY_IO[0]
set_global_assignment -name SDC_FILE led_test.sdc
set_global_assignment -name VERILOG_FILE src/top.v
set_global_assignment -name QIP_FILE src/qsys/ledtest/synthesis/ledtest.qip
set_global_assignment -name QIP_FILE src/pll/pll_200.qip
set_global_assignment -name SIP_FILE src/pll/pll_200.sip
set_location_assignment PIN_AH17 -to RESET_N
set_instance_assignment -name IO_STANDARD "3.3-V LVTTL" -to RESET_N
set_global_assignment -name ENABLE_SIGNALTAP ON
set_global_assignment -name USE_SIGNALTAP_FILE src/signaltap/signaltap_test.stp
set_global_assignment -name SIGNALTAP_FILE src/signaltap/signaltap_test.stp
set_global_assignment -name SLD_NODE_CREATOR_ID 110 -section_id SIGNALTAP_TEST
set_global_assignment -name SLD_NODE_ENTITY_NAME sld_signaltap -section_id SIGNALTAP_TEST
set_instance_assignment -name POST_FIT_CONNECT_TO_SLD_NODE_ENTITY_PORT acq_clk -to "pll_200:inst_pll_200|pll_200_0002:pll_200_inst|altera_pll:altera_pll_i|outclk_wire[0]~CLKENA0" -section_id SIGNALTAP_TEST
set_global_assignment -name SLD_NODE_PARAMETER_ASSIGNMENT "SLD_RAM_BLOCK_TYPE=AUTO" -section_id SIGNALTAP_TEST
set_global_assignment -name SLD_NODE_PARAMETER_ASSIGNMENT "SLD_NODE_INFO=805334528" -section_id SIGNALTAP_TEST
set_global_assignment -name SLD_NODE_PARAMETER_ASSIGNMENT "SLD_POWER_UP_TRIGGER=0" -section_id SIGNALTAP_TEST
set_global_assignment -name SLD_NODE_PARAMETER_ASSIGNMENT "SLD_SEGMENT_SIZE=128" -section_id SIGNALTAP_TEST
set_global_assignment -name SLD_NODE_PARAMETER_ASSIGNMENT "SLD_ATTRIBUTE_MEM_MODE=OFF" -section_id SIGNALTAP_TEST
set_global_assignment -name SLD_NODE_PARAMETER_ASSIGNMENT "SLD_STATE_FLOW_USE_GENERATED=0" -section_id SIGNALTAP_TEST
set_global_assignment -name SLD_NODE_PARAMETER_ASSIGNMENT "SLD_STATE_BITS=11" -section_id SIGNALTAP_TEST
set_global_assignment -name SLD_NODE_PARAMETER_ASSIGNMENT "SLD_BUFFER_FULL_STOP=1" -section_id SIGNALTAP_TEST
set_global_assignment -name SLD_NODE_PARAMETER_ASSIGNMENT "SLD_CURRENT_RESOURCE_WIDTH=1" -section_id SIGNALTAP_TEST
set_global_assignment -name SLD_NODE_PARAMETER_ASSIGNMENT "SLD_INCREMENTAL_ROUTING=1" -section_id SIGNALTAP_TEST
set_instance_assignment -name POST_FIT_CONNECT_TO_SLD_NODE_ENTITY_PORT crc[1] -to SIGNALTAP_TEST|gnd -section_id SIGNALTAP_TEST
set_instance_assignment -name POST_FIT_CONNECT_TO_SLD_NODE_ENTITY_PORT crc[2] -to SIGNALTAP_TEST|vcc -section_id SIGNALTAP_TEST
set_instance_assignment -name POST_FIT_CONNECT_TO_SLD_NODE_ENTITY_PORT crc[4] -to SIGNALTAP_TEST|gnd -section_id SIGNALTAP_TEST
set_instance_assignment -name POST_FIT_CONNECT_TO_SLD_NODE_ENTITY_PORT crc[5] -to SIGNALTAP_TEST|gnd -section_id SIGNALTAP_TEST
set_instance_assignment -name POST_FIT_CONNECT_TO_SLD_NODE_ENTITY_PORT crc[6] -to SIGNALTAP_TEST|vcc -section_id SIGNALTAP_TEST
set_instance_assignment -name POST_FIT_CONNECT_TO_SLD_NODE_ENTITY_PORT crc[8] -to SIGNALTAP_TEST|vcc -section_id SIGNALTAP_TEST
set_instance_assignment -name POST_FIT_CONNECT_TO_SLD_NODE_ENTITY_PORT crc[9] -to SIGNALTAP_TEST|gnd -section_id SIGNALTAP_TEST
set_instance_assignment -name POST_FIT_CONNECT_TO_SLD_NODE_ENTITY_PORT crc[10] -to SIGNALTAP_TEST|vcc -section_id SIGNALTAP_TEST
set_instance_assignment -name POST_FIT_CONNECT_TO_SLD_NODE_ENTITY_PORT crc[11] -to SIGNALTAP_TEST|vcc -section_id SIGNALTAP_TEST
set_instance_assignment -name POST_FIT_CONNECT_TO_SLD_NODE_ENTITY_PORT crc[12] -to SIGNALTAP_TEST|gnd -section_id SIGNALTAP_TEST
set_instance_assignment -name POST_FIT_CONNECT_TO_SLD_NODE_ENTITY_PORT crc[14] -to SIGNALTAP_TEST|gnd -section_id SIGNALTAP_TEST
set_instance_assignment -name POST_FIT_CONNECT_TO_SLD_NODE_ENTITY_PORT crc[15] -to SIGNALTAP_TEST|vcc -section_id SIGNALTAP_TEST
set_instance_assignment -name POST_FIT_CONNECT_TO_SLD_NODE_ENTITY_PORT crc[16] -to SIGNALTAP_TEST|vcc -section_id SIGNALTAP_TEST
set_instance_assignment -name POST_FIT_CONNECT_TO_SLD_NODE_ENTITY_PORT crc[19] -to SIGNALTAP_TEST|vcc -section_id SIGNALTAP_TEST
set_instance_assignment -name POST_FIT_CONNECT_TO_SLD_NODE_ENTITY_PORT crc[21] -to SIGNALTAP_TEST|vcc -section_id SIGNALTAP_TEST
set_instance_assignment -name POST_FIT_CONNECT_TO_SLD_NODE_ENTITY_PORT crc[24] -to SIGNALTAP_TEST|vcc -section_id SIGNALTAP_TEST
set_instance_assignment -name POST_FIT_CONNECT_TO_SLD_NODE_ENTITY_PORT crc[25] -to SIGNALTAP_TEST|gnd -section_id SIGNALTAP_TEST
set_instance_assignment -name POST_FIT_CONNECT_TO_SLD_NODE_ENTITY_PORT crc[28] -to SIGNALTAP_TEST|gnd -section_id SIGNALTAP_TEST
set_instance_assignment -name POST_FIT_CONNECT_TO_SLD_NODE_ENTITY_PORT crc[31] -to SIGNALTAP_TEST|gnd -section_id SIGNALTAP_TEST
set_global_assignment -name SLD_NODE_PARAMETER_ASSIGNMENT "SLD_TRIGGER_LEVEL=1" -section_id SIGNALTAP_TEST
set_global_assignment -name SLD_NODE_PARAMETER_ASSIGNMENT "SLD_SAMPLE_DEPTH=128" -section_id SIGNALTAP_TEST
set_global_assignment -name SLD_NODE_PARAMETER_ASSIGNMENT "SLD_TRIGGER_IN_ENABLED=0" -section_id SIGNALTAP_TEST
set_global_assignment -name SLD_NODE_PARAMETER_ASSIGNMENT "SLD_TRIGGER_PIPELINE=0" -section_id SIGNALTAP_TEST
set_global_assignment -name SLD_NODE_PARAMETER_ASSIGNMENT "SLD_RAM_PIPELINE=0" -section_id SIGNALTAP_TEST
set_global_assignment -name SLD_NODE_PARAMETER_ASSIGNMENT "SLD_COUNTER_PIPELINE=0" -section_id SIGNALTAP_TEST
set_global_assignment -name SLD_NODE_PARAMETER_ASSIGNMENT "SLD_TRIGGER_LEVEL_PIPELINE=1" -section_id SIGNALTAP_TEST
set_instance_assignment -name POST_FIT_CONNECT_TO_SLD_NODE_ENTITY_PORT crc[17] -to SIGNALTAP_TEST|vcc -section_id SIGNALTAP_TEST
set_instance_assignment -name POST_FIT_CONNECT_TO_SLD_NODE_ENTITY_PORT crc[18] -to SIGNALTAP_TEST|gnd -section_id SIGNALTAP_TEST
set_instance_assignment -name POST_FIT_CONNECT_TO_SLD_NODE_ENTITY_PORT crc[20] -to SIGNALTAP_TEST|vcc -section_id SIGNALTAP_TEST
set_instance_assignment -name POST_FIT_CONNECT_TO_SLD_NODE_ENTITY_PORT crc[22] -to SIGNALTAP_TEST|vcc -section_id SIGNALTAP_TEST
set_instance_assignment -name POST_FIT_CONNECT_TO_SLD_NODE_ENTITY_PORT crc[23] -to SIGNALTAP_TEST|gnd -section_id SIGNALTAP_TEST
set_instance_assignment -name POST_FIT_CONNECT_TO_SLD_NODE_ENTITY_PORT crc[26] -to SIGNALTAP_TEST|vcc -section_id SIGNALTAP_TEST
set_instance_assignment -name POST_FIT_CONNECT_TO_SLD_NODE_ENTITY_PORT crc[27] -to SIGNALTAP_TEST|gnd -section_id SIGNALTAP_TEST
set_instance_assignment -name CONNECT_TO_SLD_NODE_ENTITY_PORT acq_trigger_in[0] -to LED_ARRAY_IO[0] -section_id SIGNALTAP_TEST
set_instance_assignment -name CONNECT_TO_SLD_NODE_ENTITY_PORT acq_trigger_in[1] -to LED_ARRAY_IO[1] -section_id SIGNALTAP_TEST
set_instance_assignment -name CONNECT_TO_SLD_NODE_ENTITY_PORT acq_trigger_in[2] -to LED_ARRAY_IO[2] -section_id SIGNALTAP_TEST
set_instance_assignment -name CONNECT_TO_SLD_NODE_ENTITY_PORT acq_trigger_in[3] -to LED_ARRAY_IO[3] -section_id SIGNALTAP_TEST
set_instance_assignment -name CONNECT_TO_SLD_NODE_ENTITY_PORT acq_trigger_in[4] -to LED_ARRAY_IO[4] -section_id SIGNALTAP_TEST
set_instance_assignment -name CONNECT_TO_SLD_NODE_ENTITY_PORT acq_trigger_in[5] -to LED_ARRAY_IO[5] -section_id SIGNALTAP_TEST
set_instance_assignment -name CONNECT_TO_SLD_NODE_ENTITY_PORT acq_trigger_in[6] -to LED_ARRAY_IO[6] -section_id SIGNALTAP_TEST
set_instance_assignment -name CONNECT_TO_SLD_NODE_ENTITY_PORT acq_trigger_in[7] -to LED_ARRAY_IO[7] -section_id SIGNALTAP_TEST
set_instance_assignment -name POST_FIT_CONNECT_TO_SLD_NODE_ENTITY_PORT acq_trigger_in[8] -to counter[0] -section_id SIGNALTAP_TEST
set_instance_assignment -name POST_FIT_CONNECT_TO_SLD_NODE_ENTITY_PORT acq_trigger_in[9] -to counter[10] -section_id SIGNALTAP_TEST
set_instance_assignment -name POST_FIT_CONNECT_TO_SLD_NODE_ENTITY_PORT acq_trigger_in[10] -to counter[11] -section_id SIGNALTAP_TEST
set_instance_assignment -name POST_FIT_CONNECT_TO_SLD_NODE_ENTITY_PORT acq_trigger_in[11] -to counter[12] -section_id SIGNALTAP_TEST
set_instance_assignment -name POST_FIT_CONNECT_TO_SLD_NODE_ENTITY_PORT acq_trigger_in[12] -to counter[13] -section_id SIGNALTAP_TEST
set_instance_assignment -name POST_FIT_CONNECT_TO_SLD_NODE_ENTITY_PORT acq_trigger_in[13] -to counter[14] -section_id SIGNALTAP_TEST
set_instance_assignment -name POST_FIT_CONNECT_TO_SLD_NODE_ENTITY_PORT acq_trigger_in[14] -to counter[15] -section_id SIGNALTAP_TEST
set_instance_assignment -name POST_FIT_CONNECT_TO_SLD_NODE_ENTITY_PORT acq_trigger_in[15] -to counter[16] -section_id SIGNALTAP_TEST
set_instance_assignment -name POST_FIT_CONNECT_TO_SLD_NODE_ENTITY_PORT acq_trigger_in[16] -to counter[17] -section_id SIGNALTAP_TEST
set_instance_assignment -name POST_FIT_CONNECT_TO_SLD_NODE_ENTITY_PORT acq_trigger_in[17] -to counter[18] -section_id SIGNALTAP_TEST
set_instance_assignment -name POST_FIT_CONNECT_TO_SLD_NODE_ENTITY_PORT acq_trigger_in[18] -to counter[19] -section_id SIGNALTAP_TEST
set_instance_assignment -name POST_FIT_CONNECT_TO_SLD_NODE_ENTITY_PORT acq_trigger_in[19] -to counter[1] -section_id SIGNALTAP_TEST
set_instance_assignment -name POST_FIT_CONNECT_TO_SLD_NODE_ENTITY_PORT acq_trigger_in[20] -to counter[20] -section_id SIGNALTAP_TEST
set_instance_assignment -name POST_FIT_CONNECT_TO_SLD_NODE_ENTITY_PORT acq_trigger_in[21] -to counter[21] -section_id SIGNALTAP_TEST
set_instance_assignment -name POST_FIT_CONNECT_TO_SLD_NODE_ENTITY_PORT acq_trigger_in[22] -to counter[22] -section_id SIGNALTAP_TEST
set_instance_assignment -name POST_FIT_CONNECT_TO_SLD_NODE_ENTITY_PORT acq_trigger_in[23] -to counter[23] -section_id SIGNALTAP_TEST
set_instance_assignment -name POST_FIT_CONNECT_TO_SLD_NODE_ENTITY_PORT acq_trigger_in[24] -to counter[24] -section_id SIGNALTAP_TEST
set_instance_assignment -name POST_FIT_CONNECT_TO_SLD_NODE_ENTITY_PORT acq_trigger_in[25] -to counter[25] -section_id SIGNALTAP_TEST
set_instance_assignment -name POST_FIT_CONNECT_TO_SLD_NODE_ENTITY_PORT acq_trigger_in[26] -to counter[26] -section_id SIGNALTAP_TEST
set_instance_assignment -name POST_FIT_CONNECT_TO_SLD_NODE_ENTITY_PORT acq_trigger_in[27] -to counter[27] -section_id SIGNALTAP_TEST
set_instance_assignment -name POST_FIT_CONNECT_TO_SLD_NODE_ENTITY_PORT acq_trigger_in[28] -to counter[28] -section_id SIGNALTAP_TEST
set_instance_assignment -name POST_FIT_CONNECT_TO_SLD_NODE_ENTITY_PORT acq_trigger_in[29] -to counter[29] -section_id SIGNALTAP_TEST
set_instance_assignment -name POST_FIT_CONNECT_TO_SLD_NODE_ENTITY_PORT acq_trigger_in[30] -to counter[2] -section_id SIGNALTAP_TEST
set_instance_assignment -name POST_FIT_CONNECT_TO_SLD_NODE_ENTITY_PORT acq_trigger_in[31] -to counter[30] -section_id SIGNALTAP_TEST
set_instance_assignment -name POST_FIT_CONNECT_TO_SLD_NODE_ENTITY_PORT acq_trigger_in[32] -to counter[31] -section_id SIGNALTAP_TEST
set_instance_assignment -name POST_FIT_CONNECT_TO_SLD_NODE_ENTITY_PORT acq_trigger_in[33] -to counter[3] -section_id SIGNALTAP_TEST
set_instance_assignment -name POST_FIT_CONNECT_TO_SLD_NODE_ENTITY_PORT acq_trigger_in[34] -to counter[4] -section_id SIGNALTAP_TEST
set_instance_assignment -name POST_FIT_CONNECT_TO_SLD_NODE_ENTITY_PORT acq_trigger_in[35] -to counter[5] -section_id SIGNALTAP_TEST
set_instance_assignment -name POST_FIT_CONNECT_TO_SLD_NODE_ENTITY_PORT acq_trigger_in[36] -to counter[6] -section_id SIGNALTAP_TEST
set_instance_assignment -name POST_FIT_CONNECT_TO_SLD_NODE_ENTITY_PORT acq_trigger_in[37] -to counter[7] -section_id SIGNALTAP_TEST
set_instance_assignment -name POST_FIT_CONNECT_TO_SLD_NODE_ENTITY_PORT acq_trigger_in[38] -to counter[8] -section_id SIGNALTAP_TEST
set_instance_assignment -name POST_FIT_CONNECT_TO_SLD_NODE_ENTITY_PORT acq_trigger_in[39] -to counter[9] -section_id SIGNALTAP_TEST
set_instance_assignment -name CONNECT_TO_SLD_NODE_ENTITY_PORT acq_data_in[0] -to LED_ARRAY_IO[0] -section_id SIGNALTAP_TEST
set_instance_assignment -name CONNECT_TO_SLD_NODE_ENTITY_PORT acq_data_in[1] -to LED_ARRAY_IO[1] -section_id SIGNALTAP_TEST
set_instance_assignment -name CONNECT_TO_SLD_NODE_ENTITY_PORT acq_data_in[2] -to LED_ARRAY_IO[2] -section_id SIGNALTAP_TEST
set_instance_assignment -name CONNECT_TO_SLD_NODE_ENTITY_PORT acq_data_in[3] -to LED_ARRAY_IO[3] -section_id SIGNALTAP_TEST
set_instance_assignment -name CONNECT_TO_SLD_NODE_ENTITY_PORT acq_data_in[4] -to LED_ARRAY_IO[4] -section_id SIGNALTAP_TEST
set_instance_assignment -name CONNECT_TO_SLD_NODE_ENTITY_PORT acq_data_in[5] -to LED_ARRAY_IO[5] -section_id SIGNALTAP_TEST
set_instance_assignment -name CONNECT_TO_SLD_NODE_ENTITY_PORT acq_data_in[6] -to LED_ARRAY_IO[6] -section_id SIGNALTAP_TEST
set_instance_assignment -name CONNECT_TO_SLD_NODE_ENTITY_PORT acq_data_in[7] -to LED_ARRAY_IO[7] -section_id SIGNALTAP_TEST
set_instance_assignment -name POST_FIT_CONNECT_TO_SLD_NODE_ENTITY_PORT acq_data_in[8] -to counter[0] -section_id SIGNALTAP_TEST
set_instance_assignment -name POST_FIT_CONNECT_TO_SLD_NODE_ENTITY_PORT acq_data_in[9] -to counter[10] -section_id SIGNALTAP_TEST
set_instance_assignment -name POST_FIT_CONNECT_TO_SLD_NODE_ENTITY_PORT acq_data_in[10] -to counter[11] -section_id SIGNALTAP_TEST
set_instance_assignment -name POST_FIT_CONNECT_TO_SLD_NODE_ENTITY_PORT acq_data_in[11] -to counter[12] -section_id SIGNALTAP_TEST
set_instance_assignment -name POST_FIT_CONNECT_TO_SLD_NODE_ENTITY_PORT acq_data_in[12] -to counter[13] -section_id SIGNALTAP_TEST
set_instance_assignment -name POST_FIT_CONNECT_TO_SLD_NODE_ENTITY_PORT acq_data_in[13] -to counter[14] -section_id SIGNALTAP_TEST
set_instance_assignment -name POST_FIT_CONNECT_TO_SLD_NODE_ENTITY_PORT acq_data_in[14] -to counter[15] -section_id SIGNALTAP_TEST
set_instance_assignment -name POST_FIT_CONNECT_TO_SLD_NODE_ENTITY_PORT acq_data_in[15] -to counter[16] -section_id SIGNALTAP_TEST
set_instance_assignment -name POST_FIT_CONNECT_TO_SLD_NODE_ENTITY_PORT acq_data_in[16] -to counter[17] -section_id SIGNALTAP_TEST
set_instance_assignment -name POST_FIT_CONNECT_TO_SLD_NODE_ENTITY_PORT acq_data_in[17] -to counter[18] -section_id SIGNALTAP_TEST
set_instance_assignment -name POST_FIT_CONNECT_TO_SLD_NODE_ENTITY_PORT acq_data_in[18] -to counter[19] -section_id SIGNALTAP_TEST
set_instance_assignment -name POST_FIT_CONNECT_TO_SLD_NODE_ENTITY_PORT acq_data_in[19] -to counter[1] -section_id SIGNALTAP_TEST
set_instance_assignment -name POST_FIT_CONNECT_TO_SLD_NODE_ENTITY_PORT acq_data_in[20] -to counter[20] -section_id SIGNALTAP_TEST
set_instance_assignment -name POST_FIT_CONNECT_TO_SLD_NODE_ENTITY_PORT acq_data_in[21] -to counter[21] -section_id SIGNALTAP_TEST
set_instance_assignment -name POST_FIT_CONNECT_TO_SLD_NODE_ENTITY_PORT acq_data_in[22] -to counter[22] -section_id SIGNALTAP_TEST
set_instance_assignment -name POST_FIT_CONNECT_TO_SLD_NODE_ENTITY_PORT acq_data_in[23] -to counter[23] -section_id SIGNALTAP_TEST
set_instance_assignment -name POST_FIT_CONNECT_TO_SLD_NODE_ENTITY_PORT acq_data_in[24] -to counter[24] -section_id SIGNALTAP_TEST
set_instance_assignment -name POST_FIT_CONNECT_TO_SLD_NODE_ENTITY_PORT acq_data_in[25] -to counter[25] -section_id SIGNALTAP_TEST
set_instance_assignment -name POST_FIT_CONNECT_TO_SLD_NODE_ENTITY_PORT acq_data_in[26] -to counter[26] -section_id SIGNALTAP_TEST
set_instance_assignment -name POST_FIT_CONNECT_TO_SLD_NODE_ENTITY_PORT acq_data_in[27] -to counter[27] -section_id SIGNALTAP_TEST
set_instance_assignment -name POST_FIT_CONNECT_TO_SLD_NODE_ENTITY_PORT acq_data_in[28] -to counter[28] -section_id SIGNALTAP_TEST
set_instance_assignment -name POST_FIT_CONNECT_TO_SLD_NODE_ENTITY_PORT acq_data_in[29] -to counter[29] -section_id SIGNALTAP_TEST
set_instance_assignment -name POST_FIT_CONNECT_TO_SLD_NODE_ENTITY_PORT acq_data_in[30] -to counter[2] -section_id SIGNALTAP_TEST
set_instance_assignment -name POST_FIT_CONNECT_TO_SLD_NODE_ENTITY_PORT acq_data_in[31] -to counter[30] -section_id SIGNALTAP_TEST
set_instance_assignment -name POST_FIT_CONNECT_TO_SLD_NODE_ENTITY_PORT acq_data_in[32] -to counter[31] -section_id SIGNALTAP_TEST
set_instance_assignment -name POST_FIT_CONNECT_TO_SLD_NODE_ENTITY_PORT acq_data_in[33] -to counter[3] -section_id SIGNALTAP_TEST
set_instance_assignment -name POST_FIT_CONNECT_TO_SLD_NODE_ENTITY_PORT acq_data_in[34] -to counter[4] -section_id SIGNALTAP_TEST
set_instance_assignment -name POST_FIT_CONNECT_TO_SLD_NODE_ENTITY_PORT acq_data_in[35] -to counter[5] -section_id SIGNALTAP_TEST
set_instance_assignment -name POST_FIT_CONNECT_TO_SLD_NODE_ENTITY_PORT acq_data_in[36] -to counter[6] -section_id SIGNALTAP_TEST
set_instance_assignment -name POST_FIT_CONNECT_TO_SLD_NODE_ENTITY_PORT acq_data_in[37] -to counter[7] -section_id SIGNALTAP_TEST
set_instance_assignment -name POST_FIT_CONNECT_TO_SLD_NODE_ENTITY_PORT acq_data_in[38] -to counter[8] -section_id SIGNALTAP_TEST
set_instance_assignment -name POST_FIT_CONNECT_TO_SLD_NODE_ENTITY_PORT acq_data_in[39] -to counter[9] -section_id SIGNALTAP_TEST
set_global_assignment -name SLD_NODE_PARAMETER_ASSIGNMENT "SLD_DATA_BITS=40" -section_id SIGNALTAP_TEST
set_global_assignment -name SLD_NODE_PARAMETER_ASSIGNMENT "SLD_TRIGGER_BITS=40" -section_id SIGNALTAP_TEST
set_global_assignment -name SLD_NODE_PARAMETER_ASSIGNMENT "SLD_STORAGE_QUALIFIER_BITS=40" -section_id SIGNALTAP_TEST
set_instance_assignment -name POST_FIT_CONNECT_TO_SLD_NODE_ENTITY_PORT crc[0] -to SIGNALTAP_TEST|vcc -section_id SIGNALTAP_TEST
set_instance_assignment -name POST_FIT_CONNECT_TO_SLD_NODE_ENTITY_PORT crc[3] -to SIGNALTAP_TEST|vcc -section_id SIGNALTAP_TEST
set_instance_assignment -name POST_FIT_CONNECT_TO_SLD_NODE_ENTITY_PORT crc[7] -to SIGNALTAP_TEST|vcc -section_id SIGNALTAP_TEST
set_instance_assignment -name POST_FIT_CONNECT_TO_SLD_NODE_ENTITY_PORT crc[13] -to SIGNALTAP_TEST|vcc -section_id SIGNALTAP_TEST
set_instance_assignment -name POST_FIT_CONNECT_TO_SLD_NODE_ENTITY_PORT crc[30] -to SIGNALTAP_TEST|vcc -section_id SIGNALTAP_TEST
set_instance_assignment -name CONNECT_TO_SLD_NODE_ENTITY_PORT acq_storage_qualifier_in[0] -to LED_ARRAY_IO[0] -section_id SIGNALTAP_TEST
set_instance_assignment -name CONNECT_TO_SLD_NODE_ENTITY_PORT acq_storage_qualifier_in[1] -to LED_ARRAY_IO[1] -section_id SIGNALTAP_TEST
set_instance_assignment -name CONNECT_TO_SLD_NODE_ENTITY_PORT acq_storage_qualifier_in[2] -to LED_ARRAY_IO[2] -section_id SIGNALTAP_TEST
set_instance_assignment -name CONNECT_TO_SLD_NODE_ENTITY_PORT acq_storage_qualifier_in[3] -to LED_ARRAY_IO[3] -section_id SIGNALTAP_TEST
set_instance_assignment -name CONNECT_TO_SLD_NODE_ENTITY_PORT acq_storage_qualifier_in[4] -to LED_ARRAY_IO[4] -section_id SIGNALTAP_TEST
set_instance_assignment -name CONNECT_TO_SLD_NODE_ENTITY_PORT acq_storage_qualifier_in[5] -to LED_ARRAY_IO[5] -section_id SIGNALTAP_TEST
set_instance_assignment -name CONNECT_TO_SLD_NODE_ENTITY_PORT acq_storage_qualifier_in[6] -to LED_ARRAY_IO[6] -section_id SIGNALTAP_TEST
set_instance_assignment -name CONNECT_TO_SLD_NODE_ENTITY_PORT acq_storage_qualifier_in[7] -to LED_ARRAY_IO[7] -section_id SIGNALTAP_TEST
set_instance_assignment -name POST_FIT_CONNECT_TO_SLD_NODE_ENTITY_PORT acq_storage_qualifier_in[8] -to counter[0] -section_id SIGNALTAP_TEST
set_instance_assignment -name POST_FIT_CONNECT_TO_SLD_NODE_ENTITY_PORT acq_storage_qualifier_in[9] -to counter[10] -section_id SIGNALTAP_TEST
set_instance_assignment -name POST_FIT_CONNECT_TO_SLD_NODE_ENTITY_PORT acq_storage_qualifier_in[10] -to counter[11] -section_id SIGNALTAP_TEST
set_instance_assignment -name POST_FIT_CONNECT_TO_SLD_NODE_ENTITY_PORT acq_storage_qualifier_in[11] -to counter[12] -section_id SIGNALTAP_TEST
set_instance_assignment -name POST_FIT_CONNECT_TO_SLD_NODE_ENTITY_PORT acq_storage_qualifier_in[12] -to counter[13] -section_id SIGNALTAP_TEST
set_instance_assignment -name POST_FIT_CONNECT_TO_SLD_NODE_ENTITY_PORT acq_storage_qualifier_in[13] -to counter[14] -section_id SIGNALTAP_TEST
set_instance_assignment -name POST_FIT_CONNECT_TO_SLD_NODE_ENTITY_PORT acq_storage_qualifier_in[14] -to counter[15] -section_id SIGNALTAP_TEST
set_instance_assignment -name POST_FIT_CONNECT_TO_SLD_NODE_ENTITY_PORT acq_storage_qualifier_in[15] -to counter[16] -section_id SIGNALTAP_TEST
set_instance_assignment -name POST_FIT_CONNECT_TO_SLD_NODE_ENTITY_PORT acq_storage_qualifier_in[16] -to counter[17] -section_id SIGNALTAP_TEST
set_instance_assignment -name POST_FIT_CONNECT_TO_SLD_NODE_ENTITY_PORT acq_storage_qualifier_in[17] -to counter[18] -section_id SIGNALTAP_TEST
set_instance_assignment -name POST_FIT_CONNECT_TO_SLD_NODE_ENTITY_PORT acq_storage_qualifier_in[18] -to counter[19] -section_id SIGNALTAP_TEST
set_instance_assignment -name POST_FIT_CONNECT_TO_SLD_NODE_ENTITY_PORT acq_storage_qualifier_in[19] -to counter[1] -section_id SIGNALTAP_TEST
set_instance_assignment -name POST_FIT_CONNECT_TO_SLD_NODE_ENTITY_PORT acq_storage_qualifier_in[20] -to counter[20] -section_id SIGNALTAP_TEST
set_instance_assignment -name POST_FIT_CONNECT_TO_SLD_NODE_ENTITY_PORT acq_storage_qualifier_in[21] -to counter[21] -section_id SIGNALTAP_TEST
set_instance_assignment -name POST_FIT_CONNECT_TO_SLD_NODE_ENTITY_PORT acq_storage_qualifier_in[22] -to counter[22] -section_id SIGNALTAP_TEST
set_instance_assignment -name POST_FIT_CONNECT_TO_SLD_NODE_ENTITY_PORT acq_storage_qualifier_in[23] -to counter[23] -section_id SIGNALTAP_TEST
set_instance_assignment -name POST_FIT_CONNECT_TO_SLD_NODE_ENTITY_PORT acq_storage_qualifier_in[24] -to counter[24] -section_id SIGNALTAP_TEST
set_instance_assignment -name POST_FIT_CONNECT_TO_SLD_NODE_ENTITY_PORT acq_storage_qualifier_in[25] -to counter[25] -section_id SIGNALTAP_TEST
set_instance_assignment -name POST_FIT_CONNECT_TO_SLD_NODE_ENTITY_PORT acq_storage_qualifier_in[26] -to counter[26] -section_id SIGNALTAP_TEST
set_instance_assignment -name POST_FIT_CONNECT_TO_SLD_NODE_ENTITY_PORT acq_storage_qualifier_in[27] -to counter[27] -section_id SIGNALTAP_TEST
set_instance_assignment -name POST_FIT_CONNECT_TO_SLD_NODE_ENTITY_PORT acq_storage_qualifier_in[28] -to counter[28] -section_id SIGNALTAP_TEST
set_instance_assignment -name POST_FIT_CONNECT_TO_SLD_NODE_ENTITY_PORT acq_storage_qualifier_in[29] -to counter[29] -section_id SIGNALTAP_TEST
set_instance_assignment -name POST_FIT_CONNECT_TO_SLD_NODE_ENTITY_PORT acq_storage_qualifier_in[30] -to counter[2] -section_id SIGNALTAP_TEST
set_instance_assignment -name POST_FIT_CONNECT_TO_SLD_NODE_ENTITY_PORT acq_storage_qualifier_in[31] -to counter[30] -section_id SIGNALTAP_TEST
set_instance_assignment -name POST_FIT_CONNECT_TO_SLD_NODE_ENTITY_PORT acq_storage_qualifier_in[32] -to counter[31] -section_id SIGNALTAP_TEST
set_instance_assignment -name POST_FIT_CONNECT_TO_SLD_NODE_ENTITY_PORT acq_storage_qualifier_in[33] -to counter[3] -section_id SIGNALTAP_TEST
set_instance_assignment -name POST_FIT_CONNECT_TO_SLD_NODE_ENTITY_PORT acq_storage_qualifier_in[34] -to counter[4] -section_id SIGNALTAP_TEST
set_instance_assignment -name POST_FIT_CONNECT_TO_SLD_NODE_ENTITY_PORT acq_storage_qualifier_in[35] -to counter[5] -section_id SIGNALTAP_TEST
set_instance_assignment -name POST_FIT_CONNECT_TO_SLD_NODE_ENTITY_PORT acq_storage_qualifier_in[36] -to counter[6] -section_id SIGNALTAP_TEST
set_instance_assignment -name POST_FIT_CONNECT_TO_SLD_NODE_ENTITY_PORT acq_storage_qualifier_in[37] -to counter[7] -section_id SIGNALTAP_TEST
set_instance_assignment -name POST_FIT_CONNECT_TO_SLD_NODE_ENTITY_PORT acq_storage_qualifier_in[38] -to counter[8] -section_id SIGNALTAP_TEST
set_instance_assignment -name POST_FIT_CONNECT_TO_SLD_NODE_ENTITY_PORT acq_storage_qualifier_in[39] -to counter[9] -section_id SIGNALTAP_TEST
set_global_assignment -name SLD_NODE_PARAMETER_ASSIGNMENT "SLD_INVERSION_MASK=00000000000000000000000000000000000000000000000000000000000000" -section_id SIGNALTAP_TEST
set_global_assignment -name SLD_NODE_PARAMETER_ASSIGNMENT "SLD_INVERSION_MASK_LENGTH=62" -section_id SIGNALTAP_TEST
set_global_assignment -name SLD_NODE_PARAMETER_ASSIGNMENT "SLD_STORAGE_QUALIFIER_INVERSION_MASK_LENGTH=41" -section_id SIGNALTAP_TEST
set_global_assignment -name SLD_NODE_PARAMETER_ASSIGNMENT "SLD_STORAGE_QUALIFIER_GAP_RECORD=1" -section_id SIGNALTAP_TEST
set_global_assignment -name SLD_NODE_PARAMETER_ASSIGNMENT "SLD_STORAGE_QUALIFIER_MODE=TRANSITIONAL" -section_id SIGNALTAP_TEST
set_instance_assignment -name POST_FIT_CONNECT_TO_SLD_NODE_ENTITY_PORT crc[29] -to SIGNALTAP_TEST|vcc -section_id SIGNALTAP_TEST
set_global_assignment -name SLD_NODE_PARAMETER_ASSIGNMENT "SLD_ADVANCED_TRIGGER_ENTITY=sld_reserved_led_test_SIGNALTAP_TEST_1_4eee," -section_id SIGNALTAP_TEST
set_global_assignment -name SLD_NODE_PARAMETER_ASSIGNMENT "SLD_ENABLE_ADVANCED_TRIGGER=1" -section_id SIGNALTAP_TEST
set_instance_assignment -name PARTITION_HIERARCHY root_partition -to | -section_id Top
set_global_assignment -name SLD_FILE db/signaltap_test_auto_stripped.stp